
Microsoft Visual Studio Solution File, Format Version 12.00
# Visual Studio 15
VisualStudioVersion = 15.0.27703.2042
MinimumVisualStudioVersion = 10.0.40219.1
Project("{FAE04EC0-301F-11D3-BF4B-00C04F79EFBC}") = "KhTracker", "KhTracker\KhTracker.csproj", "{91260922-9FBA-4508-9593-430514E34A2B}"
EndProject
Global
	GlobalSection(SolutionConfigurationPlatforms) = preSolution
		Debug|Any CPU = Debug|Any CPU
		Release|Any CPU = Release|Any CPU
	EndGlobalSection
	GlobalSection(ProjectConfigurationPlatforms) = postSolution
		{91260922-9FBA-4508-9593-430514E34A2B}.Debug|Any CPU.ActiveCfg = Debug|Any CPU
		{91260922-9FBA-4508-9593-430514E34A2B}.Debug|Any CPU.Build.0 = Debug|Any CPU
		{91260922-9FBA-4508-9593-430514E34A2B}.Release|Any CPU.ActiveCfg = Release|Any CPU
		{91260922-9FBA-4508-9593-430514E34A2B}.Release|Any CPU.Build.0 = Release|Any CPU
	EndGlobalSection
	GlobalSection(SolutionProperties) = preSolution
		HideSolutionNode = FALSE
	EndGlobalSection
	GlobalSection(ExtensibilityGlobals) = postSolution
		SolutionGuid = {5E458955-56B0-47F4-835E-E15806296F21}
	EndGlobalSection
EndGlobal
